
Microsoft Visual Studio Solution File, Format Version 12.00
# Visual Studio Version 17
VisualStudioVersion = 17.2.32616.157
MinimumVisualStudioVersion = 10.0.40219.1
Project("{9A19103F-16F7-4668-BE54-9A1E7A4F7556}") = "Kutuphane_Otomasyon", "Kutuphane_Otomasyon\Kutuphane_Otomasyon.csproj", "{DC6D115F-9EB3-493B-AD0B-BFB0709939D9}"
EndProject
Project("{2150E333-8FDC-42A3-9474-1A3956D46DE8}") = "Solution Items", "Solution Items", "{E8EFD95F-6031-4A38-9CF2-E9AE826A3C14}"
	ProjectSection(SolutionItems) = preProject
		.editorconfig = .editorconfig
	EndProjectSection
EndProject
Project("{54435603-DBB4-11D2-8724-00A0C9A8B90C}") = "Kütüphane Takip Programı", "Kütüphane Takip Programı\Kütüphane Takip Programı.vdproj", "{88A5588D-0535-424B-88D9-B65DAFFC06D1}"
EndProject
Global
	GlobalSection(SolutionConfigurationPlatforms) = preSolution
		Debug|Any CPU = Debug|Any CPU
		Release|Any CPU = Release|Any CPU
	EndGlobalSection
	GlobalSection(ProjectConfigurationPlatforms) = postSolution
		{DC6D115F-9EB3-493B-AD0B-BFB0709939D9}.Debug|Any CPU.ActiveCfg = Debug|Any CPU
		{DC6D115F-9EB3-493B-AD0B-BFB0709939D9}.Debug|Any CPU.Build.0 = Debug|Any CPU
		{DC6D115F-9EB3-493B-AD0B-BFB0709939D9}.Release|Any CPU.ActiveCfg = Release|Any CPU
		{DC6D115F-9EB3-493B-AD0B-BFB0709939D9}.Release|Any CPU.Build.0 = Release|Any CPU
		{88A5588D-0535-424B-88D9-B65DAFFC06D1}.Debug|Any CPU.ActiveCfg = Debug
		{88A5588D-0535-424B-88D9-B65DAFFC06D1}.Release|Any CPU.ActiveCfg = Release
	EndGlobalSection
	GlobalSection(SolutionProperties) = preSolution
		HideSolutionNode = FALSE
	EndGlobalSection
	GlobalSection(ExtensibilityGlobals) = postSolution
		SolutionGuid = {512677E3-F4B2-4FF3-80B7-ED1E1E39BFF5}
	EndGlobalSection
EndGlobal
